<?xml version="1.0" encoding="utf-8"?>
<Project ToolsVersion="4.0" xmlns="http://schemas.microsoft.com/developer/msbuild/2003">
  <ItemGroup>
    <Filter Include="Source">
      <UniqueIdentifier>{91a556eb-5bec-4583-91a1-d2123b518c2a}</UniqueIdentifier>
    </Filter>
    <Filter Include="Source\Engine">
      <UniqueIdentifier>{3f3ee998-862a-40b9-adef-34ddd2cf5049}</UniqueIdentifier>
    </Filter>
    <Filter Include="Source\Engine\graphics">
      <UniqueIdentifier>{bc0aeb5c-e4b7-4330-b4af-1157b320465f}</UniqueIdentifier>
    </Filter>
    <Filter Include="Source\Engine\utils">
      <UniqueIdentifier>{faca4fbd-2a73-4580-bba5-261899d8a3f0}</UniqueIdentifier>
    </Filter>
    <Filter Include="Source\Engine\math">
      <UniqueIdentifier>{c5baa34b-f64f-4478-b26f-91d1142088c6}</UniqueIdentifier>
    </Filter>
    <Filter Include="Res">
      <UniqueIdentifier>{cb6778b7-65ea-48f2-bcf0-d53984ae8f37}</UniqueIdentifier>
    </Filter>
    <Filter Include="Res\Shaders">
      <UniqueIdentifier>{0337b2d1-73cf-4f6c-a715-10cb29499155}</UniqueIdentifier>
    </Filter>
    <Filter Include="Source\Engine\core">
      <UniqueIdentifier>{0b02b4bf-c3a4-4bc8-8e3b-437cbc28f384}</UniqueIdentifier>
    </Filter>
    <Filter Include="Source\Engine\graphics\buffers">
      <UniqueIdentifier>{47da2930-bbb7-4aef-9644-758f110279cd}</UniqueIdentifier>
    </Filter>
    <Filter Include="Source\Engine\renderer">
      <UniqueIdentifier>{feb25884-901e-4bed-ac5e-f8c65ff29c39}</UniqueIdentifier>
    </Filter>
    <Filter Include="Source\Engine\graphics\layers">
      <UniqueIdentifier>{56a64cfa-83a6-4605-bbbf-b8a5977267f7}</UniqueIdentifier>
    </Filter>
    <Filter Include="Ext">
      <UniqueIdentifier>{348d1a0d-0276-4f2e-95de-ab1b2cf2cef3}</UniqueIdentifier>
    </Filter>
    <Filter Include="Ext\freetype">
      <UniqueIdentifier>{b1927f6e-ad35-4d52-86bc-8f73f5b5d384}</UniqueIdentifier>
    </Filter>
    <Filter Include="Ext\freetype\include">
      <UniqueIdentifier>{f5d7014a-c296-4b04-ba6a-ca95990672d7}</UniqueIdentifier>
    </Filter>
    <Filter Include="Ext\freetype\src">
      <UniqueIdentifier>{2e0629e6-2380-4699-9a20-07e94b8741ca}</UniqueIdentifier>
    </Filter>
    <Filter Include="Ext\freetype\src\FT_MODULES">
      <UniqueIdentifier>{d8c3aaa3-2130-44a3-bdc8-52d3f54bc063}</UniqueIdentifier>
    </Filter>
    <Filter Include="Ext\freetype-gl">
      <UniqueIdentifier>{bb467893-a834-460a-8c7b-4490beddc577}</UniqueIdentifier>
    </Filter>
    <Filter Include="Ext\freetype-gl\src">
      <UniqueIdentifier>{0adb5229-e447-41c2-8ae0-8cd59501dad5}</UniqueIdentifier>
    </Filter>
    <Filter Include="Ext\freetype-gl\include">
      <UniqueIdentifier>{8170e27e-0045-4cac-bd19-2fcd3b7a09eb}</UniqueIdentifier>
    </Filter>
    <Filter Include="Source\Engine\graphics\font">
      <UniqueIdentifier>{17d54cee-10a2-4973-b796-e4b552eeabcd}</UniqueIdentifier>
    </Filter>
    <Filter Include="Res\Fonts">
      <UniqueIdentifier>{56ef1ec3-ac7a-4cc6-9a57-969357df2c37}</UniqueIdentifier>
    </Filter>
    <Filter Include="Res\Textures">
      <UniqueIdentifier>{e3458bd2-0437-4299-9005-6602fa44d5ab}</UniqueIdentifier>
    </Filter>
    <Filter Include="Source\Engine\ImGui">
      <UniqueIdentifier>{f5eed69c-5ab0-4e89-9f94-3cb27f069943}</UniqueIdentifier>
    </Filter>
    <Filter Include="Source\Engine\ImGui\backends">
      <UniqueIdentifier>{04f139e0-9593-4510-9f46-b49a7fb35fc2}</UniqueIdentifier>
    </Filter>
    <Filter Include="Source\Engine\ImGui\dirent">
      <UniqueIdentifier>{1a66d776-1551-4f0c-96c5-8dfb746ae898}</UniqueIdentifier>
    </Filter>
    <Filter Include="Source\Engine\EngineEditor">
      <UniqueIdentifier>{dfb141de-63df-428a-9c59-5b34c0889989}</UniqueIdentifier>
    </Filter>
    <Filter Include="Source\Engine\ImGuizmo">
      <UniqueIdentifier>{63ff57b0-4b12-4d18-9d28-45f084353d5b}</UniqueIdentifier>
    </Filter>
    <Filter Include="Source\Engine\renderer\3drenderer">
      <UniqueIdentifier>{74aca9dd-d74f-4f0d-8ba9-9e4845bd6ac1}</UniqueIdentifier>
    </Filter>
    <Filter Include="Source\Engine\scripting">
      <UniqueIdentifier>{b10459e3-0971-4a2d-8e66-581f89d6d66c}</UniqueIdentifier>
    </Filter>
    <Filter Include="Source\Engine\entity">
      <UniqueIdentifier>{5938ac06-955f-498d-ae55-2764c1dabbe5}</UniqueIdentifier>
    </Filter>
    <Filter Include="Res\Editor">
      <UniqueIdentifier>{bbe35d27-2e3a-4a2f-ad47-8881486c0fc6}</UniqueIdentifier>
    </Filter>
    <Filter Include="Res\Assets">
      <UniqueIdentifier>{3bdf4c02-1570-4ef5-9cf8-58b5bd7e3012}</UniqueIdentifier>
    </Filter>
    <Filter Include="Res\Assets\Config">
      <UniqueIdentifier>{7aa74504-bdba-47aa-bc64-166fee55a1fc}</UniqueIdentifier>
    </Filter>
    <Filter Include="Res\Assets\Textures">
      <UniqueIdentifier>{0854594e-1001-4901-b6db-56e4916df7cd}</UniqueIdentifier>
    </Filter>
    <Filter Include="Res\Assets\Scenes">
      <UniqueIdentifier>{866b1df5-303b-4954-a07a-c42090f5acb1}</UniqueIdentifier>
    </Filter>
  </ItemGroup>
  <ItemGroup>
    <ClCompile Include="Source\Fay\Graphics\Window.cpp">
      <Filter>Source\Engine\graphics</Filter>
    </ClCompile>
    <ClCompile Include="Source\Fay\Graphics\Shader.cpp">
      <Filter>Source\Engine\graphics</Filter>
    </ClCompile>
    <ClCompile Include="Source\Fay\Math\Mat4.cpp">
      <Filter>Source\Engine\math</Filter>
    </ClCompile>
    <ClCompile Include="Source\Fay\Math\Vec2.cpp">
      <Filter>Source\Engine\math</Filter>
    </ClCompile>
    <ClCompile Include="Source\Fay\Math\Vec3.cpp">
      <Filter>Source\Engine\math</Filter>
    </ClCompile>
    <ClCompile Include="Source\Fay\Math\Vec4.cpp">
      <Filter>Source\Engine\math</Filter>
    </ClCompile>
    <ClCompile Include="Source\Fay\Graphics\Buffers\Buffer.cpp">
      <Filter>Source\Engine\graphics\buffers</Filter>
    </ClCompile>
    <ClCompile Include="Source\Fay\Graphics\Buffers\IndexBuffer.cpp">
      <Filter>Source\Engine\graphics\buffers</Filter>
    </ClCompile>
    <ClCompile Include="Source\Fay\Graphics\Buffers\VertexArray.cpp">
      <Filter>Source\Engine\graphics\buffers</Filter>
    </ClCompile>
    <ClCompile Include="Source\Fay\Graphics\Texture.cpp">
      <Filter>Source\Engine\graphics</Filter>
    </ClCompile>
    <ClCompile Include="Source\Fay\Graphics\Layers\Layer.cpp">
      <Filter>Source\Engine\graphics\layers</Filter>
    </ClCompile>
    <ClCompile Include="Source\Fay\Graphics\Layers\TileLayer.cpp">
      <Filter>Source\Engine\graphics\layers</Filter>
    </ClCompile>
    <ClCompile Include="Source\Fay\Renderer\BatchRenderer.cpp">
      <Filter>Source\Engine\renderer</Filter>
    </ClCompile>
    <ClCompile Include="Source\Fay\Renderer\Sprite.cpp">
      <Filter>Source\Engine\renderer</Filter>
    </ClCompile>
    <ClCompile Include="Ext\Freetype\src\base\ftbbox.c">
      <Filter>Ext\freetype\src\FT_MODULES</Filter>
    </ClCompile>
    <ClCompile Include="Ext\Freetype\src\base\ftgxval.c">
      <Filter>Ext\freetype\src\FT_MODULES</Filter>
    </ClCompile>
    <ClCompile Include="Ext\Freetype\src\base\ftlcdfil.c">
      <Filter>Ext\freetype\src\FT_MODULES</Filter>
    </ClCompile>
    <ClCompile Include="Ext\Freetype\src\base\ftmm.c">
      <Filter>Ext\freetype\src\FT_MODULES</Filter>
    </ClCompile>
    <ClCompile Include="Ext\Freetype\src\base\ftotval.c">
      <Filter>Ext\freetype\src\FT_MODULES</Filter>
    </ClCompile>
    <ClCompile Include="Ext\Freetype\src\base\ftpatent.c">
      <Filter>Ext\freetype\src\FT_MODULES</Filter>
    </ClCompile>
    <ClCompile Include="Ext\Freetype\src\base\ftpfr.c">
      <Filter>Ext\freetype\src\FT_MODULES</Filter>
    </ClCompile>
    <ClCompile Include="Ext\Freetype\src\base\ftsynth.c">
      <Filter>Ext\freetype\src\FT_MODULES</Filter>
    </ClCompile>
    <ClCompile Include="Ext\Freetype\src\base\fttype1.c">
      <Filter>Ext\freetype\src\FT_MODULES</Filter>
    </ClCompile>
    <ClCompile Include="Ext\Freetype\src\base\ftwinfnt.c">
      <Filter>Ext\freetype\src\FT_MODULES</Filter>
    </ClCompile>
    <ClCompile Include="Ext\Freetype\src\base\ftxf86.c">
      <Filter>Ext\freetype\src\FT_MODULES</Filter>
    </ClCompile>
    <ClCompile Include="Ext\Freetype\src\pfr\pfr.c">
      <Filter>Ext\freetype\src\FT_MODULES</Filter>
    </ClCompile>
    <ClCompile Include="Ext\Freetype\src\pcf\pcf.c">
      <Filter>Ext\freetype\src\FT_MODULES</Filter>
    </ClCompile>
    <ClCompile Include="Ext\Freetype\src\psaux\psaux.c">
      <Filter>Ext\freetype\src\FT_MODULES</Filter>
    </ClCompile>
    <ClCompile Include="Ext\Freetype\src\pshinter\pshinter.c">
      <Filter>Ext\freetype\src\FT_MODULES</Filter>
    </ClCompile>
    <ClCompile Include="Ext\Freetype\src\psnames\psmodule.c">
      <Filter>Ext\freetype\src\FT_MODULES</Filter>
    </ClCompile>
    <ClCompile Include="Ext\Freetype\src\raster\raster.c">
      <Filter>Ext\freetype\src\FT_MODULES</Filter>
    </ClCompile>
    <ClCompile Include="Ext\Freetype\src\sfnt\sfnt.c">
      <Filter>Ext\freetype\src\FT_MODULES</Filter>
    </ClCompile>
    <ClCompile Include="Ext\Freetype\src\truetype\truetype.c">
      <Filter>Ext\freetype\src\FT_MODULES</Filter>
    </ClCompile>
    <ClCompile Include="Ext\Freetype\src\type1\type1.c">
      <Filter>Ext\freetype\src\FT_MODULES</Filter>
    </ClCompile>
    <ClCompile Include="Ext\Freetype\src\type42\type42.c">
      <Filter>Ext\freetype\src\FT_MODULES</Filter>
    </ClCompile>
    <ClCompile Include="Ext\Freetype\src\winfonts\winfnt.c">
      <Filter>Ext\freetype\src\FT_MODULES</Filter>
    </ClCompile>
    <ClCompile Include="Ext\Freetype\src\autofit\autofit.c">
      <Filter>Ext\freetype\src</Filter>
    </ClCompile>
    <ClCompile Include="Ext\Freetype\src\bdf\bdf.c">
      <Filter>Ext\freetype\src</Filter>
    </ClCompile>
    <ClCompile Include="Ext\Freetype\src\cff\cff.c">
      <Filter>Ext\freetype\src</Filter>
    </ClCompile>
    <ClCompile Include="Ext\Freetype\src\base\ftbase.c">
      <Filter>Ext\freetype\src</Filter>
    </ClCompile>
    <ClCompile Include="Ext\Freetype\src\base\ftbitmap.c">
      <Filter>Ext\freetype\src</Filter>
    </ClCompile>
    <ClCompile Include="Ext\Freetype\src\base\ftdebug.c">
      <Filter>Ext\freetype\src</Filter>
    </ClCompile>
    <ClCompile Include="Ext\Freetype\src\base\ftfstype.c">
      <Filter>Ext\freetype\src</Filter>
    </ClCompile>
    <ClCompile Include="Ext\Freetype\src\base\ftgasp.c">
      <Filter>Ext\freetype\src</Filter>
    </ClCompile>
    <ClCompile Include="Ext\Freetype\src\base\ftglyph.c">
      <Filter>Ext\freetype\src</Filter>
    </ClCompile>
    <ClCompile Include="Ext\Freetype\src\gzip\ftgzip.c">
      <Filter>Ext\freetype\src</Filter>
    </ClCompile>
    <ClCompile Include="Ext\Freetype\src\base\ftinit.c">
      <Filter>Ext\freetype\src</Filter>
    </ClCompile>
    <ClCompile Include="Ext\Freetype\src\lzw\ftlzw.c">
      <Filter>Ext\freetype\src</Filter>
    </ClCompile>
    <ClCompile Include="Ext\Freetype\src\base\ftstroke.c">
      <Filter>Ext\freetype\src</Filter>
    </ClCompile>
    <ClCompile Include="Ext\Freetype\src\base\ftsystem.c">
      <Filter>Ext\freetype\src</Filter>
    </ClCompile>
    <ClCompile Include="Ext\Freetype\src\smooth\smooth.c">
      <Filter>Ext\freetype\src</Filter>
    </ClCompile>
    <ClCompile Include="Ext\Freetype\src\cache\ftcache.c">
      <Filter>Ext\freetype\src</Filter>
    </ClCompile>
    <ClCompile Include="Ext\Freetype\src\cid\type1cid.c">
      <Filter>Ext\freetype\src\FT_MODULES</Filter>
    </ClCompile>
    <ClCompile Include="Ext\Freetype-gl\platform.c">
      <Filter>Ext\freetype-gl\src</Filter>
    </ClCompile>
    <ClCompile Include="Ext\Freetype-gl\texture-atlas.c">
      <Filter>Ext\freetype-gl\src</Filter>
    </ClCompile>
    <ClCompile Include="Ext\Freetype-gl\texture-font.c">
      <Filter>Ext\freetype-gl\src</Filter>
    </ClCompile>
    <ClCompile Include="Ext\Freetype-gl\vector.c">
      <Filter>Ext\freetype-gl\src</Filter>
    </ClCompile>
    <ClCompile Include="Source\Fay\Graphics\Font\Font.cpp">
      <Filter>Source\Engine\graphics\font</Filter>
    </ClCompile>
    <ClCompile Include="Source\Fay\Graphics\Font\FontManager.cpp">
      <Filter>Source\Engine\graphics\font</Filter>
    </ClCompile>
    <ClCompile Include="Source\Fay\Graphics\Label.cpp">
      <Filter>Source\Engine\graphics</Filter>
    </ClCompile>
    <ClCompile Include="Source\Fay\ImGui\imgui.cpp">
      <Filter>Source\Engine\ImGui</Filter>
    </ClCompile>
    <ClCompile Include="Source\Fay\ImGui\imgui_demo.cpp">
      <Filter>Source\Engine\ImGui</Filter>
    </ClCompile>
    <ClCompile Include="Source\Fay\ImGui\imgui_draw.cpp">
      <Filter>Source\Engine\ImGui</Filter>
    </ClCompile>
    <ClCompile Include="Source\Fay\ImGui\imgui_tables.cpp">
      <Filter>Source\Engine\ImGui</Filter>
    </ClCompile>
    <ClCompile Include="Source\Fay\ImGui\imgui_widgets.cpp">
      <Filter>Source\Engine\ImGui</Filter>
    </ClCompile>
    <ClCompile Include="Source\Fay\ImGui\backends\imgui_impl_glfw.cpp">
      <Filter>Source\Engine\ImGui\backends</Filter>
    </ClCompile>
    <ClCompile Include="Source\Fay\ImGui\backends\imgui_impl_opengl3.cpp">
      <Filter>Source\Engine\ImGui\backends</Filter>
    </ClCompile>
    <ClCompile Include="main.cpp" />
    <ClCompile Include="Source\Fay\Graphics\Camera.cpp">
      <Filter>Source\Engine\graphics</Filter>
    </ClCompile>
    <ClCompile Include="Source\Fay\ImGui\ImGuiFileDialog.cpp">
      <Filter>Source\Engine\ImGui</Filter>
    </ClCompile>
    <ClCompile Include="Source\Fay\Graphics\TextureManager.cpp">
      <Filter>Source\Engine\graphics</Filter>
    </ClCompile>
    <ClCompile Include="Source\Fay\EngineEditor\Editor.cpp">
      <Filter>Source\Engine\EngineEditor</Filter>
    </ClCompile>
    <ClCompile Include="Source\Fay\Graphics\Buffers\FrameBuffer.cpp">
      <Filter>Source\Engine\graphics\buffers</Filter>
    </ClCompile>
    <ClCompile Include="Source\Fay\ImGuizmo\GraphEditor.cpp">
      <Filter>Source\Engine\ImGuizmo</Filter>
    </ClCompile>
    <ClCompile Include="Source\Fay\ImGuizmo\ImCurveEdit.cpp">
      <Filter>Source\Engine\ImGuizmo</Filter>
    </ClCompile>
    <ClCompile Include="Source\Fay\ImGuizmo\ImGradient.cpp">
      <Filter>Source\Engine\ImGuizmo</Filter>
    </ClCompile>
    <ClCompile Include="Source\Fay\ImGuizmo\ImGuizmo.cpp">
      <Filter>Source\Engine\ImGuizmo</Filter>
    </ClCompile>
    <ClCompile Include="Source\Fay\ImGuizmo\ImSequencer.cpp">
      <Filter>Source\Engine\ImGuizmo</Filter>
    </ClCompile>
    <ClCompile Include="Source\Fay\Renderer\3DRenderer\Cube.cpp">
      <Filter>Source\Engine\renderer\3drenderer</Filter>
    </ClCompile>
    <ClCompile Include="Source\Fay\Graphics\Camera3D.cpp">
      <Filter>Source\Engine\graphics</Filter>
    </ClCompile>
    <ClCompile Include="Source\Fay\Scripting\ScriptEngine.cpp">
      <Filter>Source\Engine\scripting</Filter>
    </ClCompile>
    <ClCompile Include="Source\Fay\Scripting\ScriptSystem.cpp">
      <Filter>Source\Engine\scripting</Filter>
    </ClCompile>
    <ClCompile Include="Source\Fay\Scripting\ScriptGlue.cpp">
      <Filter>Source\Engine\scripting</Filter>
    </ClCompile>
    <ClCompile Include="Source\Fay\Renderer\Scene.cpp">
      <Filter>Source\Engine\renderer</Filter>
    </ClCompile>
    <ClCompile Include="Source\Fay\Graphics\Layers\Group.cpp">
      <Filter>Source\Engine\graphics\layers</Filter>
    </ClCompile>
    <ClCompile Include="Source\Fay\EngineEditor\Configuration.cpp">
      <Filter>Source\Engine\EngineEditor</Filter>
    </ClCompile>
  </ItemGroup>
  <ItemGroup>
    <ClInclude Include="Source\Fay\Graphics\Window.h">
      <Filter>Source\Engine\graphics</Filter>
    </ClInclude>
    <ClInclude Include="Source\Fay\Utils\FileUtils.h">
      <Filter>Source\Engine\utils</Filter>
    </ClInclude>
    <ClInclude Include="Source\Fay\Graphics\Shader.h">
      <Filter>Source\Engine\graphics</Filter>
    </ClInclude>
    <ClInclude Include="Source\Fay\Math\Mat4.h">
      <Filter>Source\Engine\math</Filter>
    </ClInclude>
    <ClInclude Include="Source\Fay\Math\MathFunc.h">
      <Filter>Source\Engine\math</Filter>
    </ClInclude>
    <ClInclude Include="Source\Fay\Math\Vec2.h">
      <Filter>Source\Engine\math</Filter>
    </ClInclude>
    <ClInclude Include="Source\Fay\Math\Vec3.h">
      <Filter>Source\Engine\math</Filter>
    </ClInclude>
    <ClInclude Include="Source\Fay\Math\Vec4.h">
      <Filter>Source\Engine\math</Filter>
    </ClInclude>
    <ClInclude Include="Source\Fay\Math\Math.h">
      <Filter>Source\Engine\math</Filter>
    </ClInclude>
    <ClInclude Include="Source\Fay\Graphics\Buffers\Buffer.h">
      <Filter>Source\Engine\graphics\buffers</Filter>
    </ClInclude>
    <ClInclude Include="Source\Fay\Graphics\Buffers\IndexBuffer.h">
      <Filter>Source\Engine\graphics\buffers</Filter>
    </ClInclude>
    <ClInclude Include="Source\Fay\Graphics\Buffers\VertexArray.h">
      <Filter>Source\Engine\graphics\buffers</Filter>
    </ClInclude>
    <ClInclude Include="Source\Fay\Utils\ImageLoad.h">
      <Filter>Source\Engine\utils</Filter>
    </ClInclude>
    <ClInclude Include="Source\Fay\Graphics\Texture.h">
      <Filter>Source\Engine\graphics</Filter>
    </ClInclude>
    <ClInclude Include="Source\Fay\Graphics\Layers\Layer.h">
      <Filter>Source\Engine\graphics\layers</Filter>
    </ClInclude>
    <ClInclude Include="Source\Fay\Graphics\Layers\TileLayer.h">
      <Filter>Source\Engine\graphics\layers</Filter>
    </ClInclude>
    <ClInclude Include="Source\Fay\Renderer\BatchRenderer.h">
      <Filter>Source\Engine\renderer</Filter>
    </ClInclude>
    <ClInclude Include="Source\Fay\Renderer\Sprite.h">
      <Filter>Source\Engine\renderer</Filter>
    </ClInclude>
    <ClInclude Include="Ext\Freetype\include\ft2build.h">
      <Filter>Ext\freetype\include</Filter>
    </ClInclude>
    <ClInclude Include="Ext\Freetype\include\config\ftconfig.h">
      <Filter>Ext\freetype\include</Filter>
    </ClInclude>
    <ClInclude Include="Ext\Freetype\include\config\ftheader.h">
      <Filter>Ext\freetype\include</Filter>
    </ClInclude>
    <ClInclude Include="Ext\Freetype\include\config\ftmodule.h">
      <Filter>Ext\freetype\include</Filter>
    </ClInclude>
    <ClInclude Include="Ext\Freetype\include\config\ftoption.h">
      <Filter>Ext\freetype\include</Filter>
    </ClInclude>
    <ClInclude Include="Ext\Freetype\include\config\ftstdlib.h">
      <Filter>Ext\freetype\include</Filter>
    </ClInclude>
    <ClInclude Include="Ext\Freetype-gl\common.h">
      <Filter>Ext\freetype-gl\include</Filter>
    </ClInclude>
    <ClInclude Include="Ext\Freetype-gl\freetype-gl.h">
      <Filter>Ext\freetype-gl\include</Filter>
    </ClInclude>
    <ClInclude Include="Ext\Freetype-gl\opengl.h">
      <Filter>Ext\freetype-gl\include</Filter>
    </ClInclude>
    <ClInclude Include="Ext\Freetype-gl\platform.h">
      <Filter>Ext\freetype-gl\include</Filter>
    </ClInclude>
    <ClInclude Include="Ext\Freetype-gl\texture-atlas.h">
      <Filter>Ext\freetype-gl\include</Filter>
    </ClInclude>
    <ClInclude Include="Ext\Freetype-gl\texture-font.h">
      <Filter>Ext\freetype-gl\include</Filter>
    </ClInclude>
    <ClInclude Include="Ext\Freetype-gl\vec234.h">
      <Filter>Ext\freetype-gl\include</Filter>
    </ClInclude>
    <ClInclude Include="Ext\Freetype-gl\vector.h">
      <Filter>Ext\freetype-gl\include</Filter>
    </ClInclude>
    <ClInclude Include="Source\Fay\Graphics\Font\Font.h">
      <Filter>Source\Engine\graphics\font</Filter>
    </ClInclude>
    <ClInclude Include="Source\Fay\Graphics\Font\FontManager.h">
      <Filter>Source\Engine\graphics\font</Filter>
    </ClInclude>
    <ClInclude Include="Source\Fay\Graphics\Label.h">
      <Filter>Source\Engine\graphics</Filter>
    </ClInclude>
    <ClInclude Include="Source\Fay\Utils\Timer.h">
      <Filter>Source\Engine\utils</Filter>
    </ClInclude>
    <ClInclude Include="Source\Fay\ImGui\imconfig.h">
      <Filter>Source\Engine\ImGui</Filter>
    </ClInclude>
    <ClInclude Include="Source\Fay\ImGui\imgui.h">
      <Filter>Source\Engine\ImGui</Filter>
    </ClInclude>
    <ClInclude Include="Source\Fay\ImGui\imgui_internal.h">
      <Filter>Source\Engine\ImGui</Filter>
    </ClInclude>
    <ClInclude Include="Source\Fay\ImGui\imstb_rectpack.h">
      <Filter>Source\Engine\ImGui</Filter>
    </ClInclude>
    <ClInclude Include="Source\Fay\ImGui\imstb_textedit.h">
      <Filter>Source\Engine\ImGui</Filter>
    </ClInclude>
    <ClInclude Include="Source\Fay\ImGui\backends\imgui_impl_glfw.h">
      <Filter>Source\Engine\ImGui\backends</Filter>
    </ClInclude>
    <ClInclude Include="Source\Fay\ImGui\backends\imgui_impl_opengl3.h">
      <Filter>Source\Engine\ImGui\backends</Filter>
    </ClInclude>
    <ClInclude Include="Source\Fay\ImGui\backends\imgui_impl_opengl3_loader.h">
      <Filter>Source\Engine\ImGui\backends</Filter>
    </ClInclude>
    <ClInclude Include="Source\Fay\ImGui\imstb_truetype.h">
      <Filter>Source\Engine\ImGui</Filter>
    </ClInclude>
    <ClInclude Include="Source\Fay\Graphics\Camera.h">
      <Filter>Source\Engine\graphics</Filter>
    </ClInclude>
    <ClInclude Include="Source\Fay\ImGui\ImGuiFileDialog.h">
      <Filter>Source\Engine\ImGui</Filter>
    </ClInclude>
    <ClInclude Include="Source\Fay\ImGui\ImGuiFileDialogConfig.h">
      <Filter>Source\Engine\ImGui</Filter>
    </ClInclude>
    <ClInclude Include="Source\Fay\ImGui\dirent\dirent.h">
      <Filter>Source\Engine\ImGui\dirent</Filter>
    </ClInclude>
    <ClInclude Include="Source\Fay\Graphics\TextureManager.h">
      <Filter>Source\Engine\graphics</Filter>
    </ClInclude>
    <ClInclude Include="Source\Fay\EngineEditor\Editor.h">
      <Filter>Source\Engine\EngineEditor</Filter>
    </ClInclude>
    <ClInclude Include="Source\Fay\Graphics\Buffers\FrameBuffer.h">
      <Filter>Source\Engine\graphics\buffers</Filter>
    </ClInclude>
    <ClInclude Include="Source\Fay\ImGuizmo\GraphEditor.h">
      <Filter>Source\Engine\ImGuizmo</Filter>
    </ClInclude>
    <ClInclude Include="Source\Fay\ImGuizmo\ImCurveEdit.h">
      <Filter>Source\Engine\ImGuizmo</Filter>
    </ClInclude>
    <ClInclude Include="Source\Fay\ImGuizmo\ImGradient.h">
      <Filter>Source\Engine\ImGuizmo</Filter>
    </ClInclude>
    <ClInclude Include="Source\Fay\ImGuizmo\ImGuizmo.h">
      <Filter>Source\Engine\ImGuizmo</Filter>
    </ClInclude>
    <ClInclude Include="Source\Fay\ImGuizmo\ImSequencer.h">
      <Filter>Source\Engine\ImGuizmo</Filter>
    </ClInclude>
    <ClInclude Include="Source\Fay\ImGuizmo\ImZoomSlider.h">
      <Filter>Source\Engine\ImGuizmo</Filter>
    </ClInclude>
    <ClInclude Include="Source\Fay\Renderer\3DRenderer\Cube.h">
      <Filter>Source\Engine\renderer\3drenderer</Filter>
    </ClInclude>
    <ClInclude Include="Source\Fay\Graphics\Camera3D.h">
      <Filter>Source\Engine\graphics</Filter>
    </ClInclude>
    <ClInclude Include="Source\Fay\Scripting\ScriptEngine.h">
      <Filter>Source\Engine\scripting</Filter>
    </ClInclude>
    <ClInclude Include="Source\Fay\Entity\ComponentManager.h">
      <Filter>Source\Engine\entity</Filter>
    </ClInclude>
    <ClInclude Include="Source\Fay\Entity\Entity.h">
      <Filter>Source\Engine\entity</Filter>
    </ClInclude>
    <ClInclude Include="Source\Fay\Entity\Components.h">
      <Filter>Source\Engine\entity</Filter>
    </ClInclude>
    <ClInclude Include="Source\Fay\Scripting\ScriptSystem.h">
      <Filter>Source\Engine\scripting</Filter>
    </ClInclude>
    <ClInclude Include="Source\Fay\Scripting\ScriptGlue.h">
      <Filter>Source\Engine\scripting</Filter>
    </ClInclude>
    <ClInclude Include="Source\Fay\Core\Logger.h">
      <Filter>Source\Engine\core</Filter>
    </ClInclude>
    <ClInclude Include="Source\Fay\Renderer\Scene.h">
      <Filter>Source\Engine\renderer</Filter>
    </ClInclude>
    <ClInclude Include="Source\Fay\Renderer\Renderable.h">
      <Filter>Source\Engine\renderer</Filter>
    </ClInclude>
    <ClInclude Include="Source\Fay\Renderer\Renderer.h">
      <Filter>Source\Engine\renderer</Filter>
    </ClInclude>
    <ClInclude Include="Source\Fay\Graphics\Layers\Group.h">
      <Filter>Source\Engine\graphics\layers</Filter>
    </ClInclude>
    <ClInclude Include="Source\Fay\Entity\Tile.h">
      <Filter>Source\Engine\entity</Filter>
    </ClInclude>
    <ClInclude Include="Source\Fay\EngineEditor\Configuration.h">
      <Filter>Source\Engine\EngineEditor</Filter>
    </ClInclude>
  </ItemGroup>
  <ItemGroup>
    <None Include="Res\Shaders\basic.frag">
      <Filter>Res\Shaders</Filter>
    </None>
    <None Include="Res\Shaders\basic.vert">
      <Filter>Res\Shaders</Filter>
    </None>
    <None Include="Res\Fonts\cambria.ttc">
      <Filter>Res\Fonts</Filter>
    </None>
    <None Include="Res\Shaders\light.frag">
      <Filter>Res\Shaders</Filter>
    </None>
    <None Include="Res\Shaders\light.vert">
      <Filter>Res\Shaders</Filter>
    </None>
    <None Include="Changelog.md" />
    <None Include="Res\Assets\Configurations\default.config">
      <Filter>Res\Editor</Filter>
    </None>
  </ItemGroup>
  <ItemGroup>
    <Image Include="Res\Textures\b.png">
      <Filter>Res\Textures</Filter>
    </Image>
    <Image Include="Res\Textures\tc.png">
      <Filter>Res\Textures</Filter>
    </Image>
    <Image Include="Res\Assets\Textures\Sand.png">
      <Filter>Res\Assets\Textures</Filter>
    </Image>
  </ItemGroup>
  <ItemGroup>
    <Font Include="Res\Fonts\arial.ttf">
      <Filter>Res\Fonts</Filter>
    </Font>
  </ItemGroup>
</Project>